
Microsoft Visual Studio Solution File, Format Version 12.00
# Visual Studio Version 17
VisualStudioVersion = 17.10.34607.79
MinimumVisualStudioVersion = 10.0.40219.1
Project("{2150E333-8FDC-42A3-9474-1A3956D46DE8}") = "src", "src", "{F15DED5C-01F4-499B-B8D1-FB8A7D551EB4}"
EndProject
Project("{2150E333-8FDC-42A3-9474-1A3956D46DE8}") = "APIs", "APIs", "{123F88D0-7274-43DD-B35D-40C449ACDE12}"
EndProject
Project("{2150E333-8FDC-42A3-9474-1A3956D46DE8}") = "REST", "REST", "{E45FB025-5790-450A-9C26-DCA907733147}"
EndProject
Project("{9A19103F-16F7-4668-BE54-9A1E7A4F7556}") = "WebAPI", "src\APIs\REST\WebAPI\WebAPI.csproj", "{6ADC32A6-2020-4608-B320-DE37710DB29C}"
EndProject
Project("{FAE04EC0-301F-11D3-BF4B-00C04F79EFBC}") = "Apis.Rest.MinimalApi", "src\APIs\REST\Apis.Rest.MinimalApi\Apis.Rest.MinimalApi.csproj", "{BD15565E-CCE1-4B68-B18A-9CBA9BD31EBD}"
EndProject
Global
	GlobalSection(SolutionConfigurationPlatforms) = preSolution
		Debug|Any CPU = Debug|Any CPU
		Release|Any CPU = Release|Any CPU
	EndGlobalSection
	GlobalSection(ProjectConfigurationPlatforms) = postSolution
		{6ADC32A6-2020-4608-B320-DE37710DB29C}.Debug|Any CPU.ActiveCfg = Debug|Any CPU
		{6ADC32A6-2020-4608-B320-DE37710DB29C}.Debug|Any CPU.Build.0 = Debug|Any CPU
		{6ADC32A6-2020-4608-B320-DE37710DB29C}.Release|Any CPU.ActiveCfg = Release|Any CPU
		{6ADC32A6-2020-4608-B320-DE37710DB29C}.Release|Any CPU.Build.0 = Release|Any CPU
		{BD15565E-CCE1-4B68-B18A-9CBA9BD31EBD}.Debug|Any CPU.ActiveCfg = Debug|Any CPU
		{BD15565E-CCE1-4B68-B18A-9CBA9BD31EBD}.Debug|Any CPU.Build.0 = Debug|Any CPU
		{BD15565E-CCE1-4B68-B18A-9CBA9BD31EBD}.Release|Any CPU.ActiveCfg = Release|Any CPU
		{BD15565E-CCE1-4B68-B18A-9CBA9BD31EBD}.Release|Any CPU.Build.0 = Release|Any CPU
	EndGlobalSection
	GlobalSection(SolutionProperties) = preSolution
		HideSolutionNode = FALSE
	EndGlobalSection
	GlobalSection(NestedProjects) = preSolution
		{123F88D0-7274-43DD-B35D-40C449ACDE12} = {F15DED5C-01F4-499B-B8D1-FB8A7D551EB4}
		{E45FB025-5790-450A-9C26-DCA907733147} = {123F88D0-7274-43DD-B35D-40C449ACDE12}
		{6ADC32A6-2020-4608-B320-DE37710DB29C} = {E45FB025-5790-450A-9C26-DCA907733147}
		{BD15565E-CCE1-4B68-B18A-9CBA9BD31EBD} = {E45FB025-5790-450A-9C26-DCA907733147}
	EndGlobalSection
	GlobalSection(ExtensibilityGlobals) = postSolution
		SolutionGuid = {E62512AE-19EE-435B-A0DE-64741B41C233}
	EndGlobalSection
EndGlobal
